{
  "name": "pi-extension-notesnook",
  "version": "1.0.0",
  "lockfileVersion": 3,
  "requires": true,
  "packages": {
    "": {
      "name": "pi-extension-notesnook",
      "version": "1.0.0",
      "dependencies": {
        "marked": "^15.0.12"
      },
      "devDependencies": {
        "@types/marked": "^6.0.0"
      }
    },
    "node_modules/@types/marked": {
      "version": "6.0.0",
      "resolved": "https://registry.npmjs.org/@types/marked/-/marked-6.0.0.tgz",
      "integrity": "sha512-jmjpa4BwUsmhxcfsgUit/7A9KbrC48Q0q8KvnY107ogcjGgTFDlIL3RpihNpx2Mu1hM4mdFQjoVc4O6JoGKHsA==",
      "deprecated": "This is a stub types definition. marked provides its own type definitions, so you do not need this installed.",
      "dev": true,
      "license": "MIT",
      "dependencies": {
        "marked": "*"
      }
    },
    "node_modules/marked": {
      "version": "15.0.12",
      "resolved": "https://registry.npmjs.org/marked/-/marked-15.0.12.tgz",
      "integrity": "sha512-8dD6FusOQSrpv9Z1rdNMdlSgQOIP880DHqnohobOmYLElGEqAL/JvxvuxZO16r4HtjTlfPRDC1hbvxC9dPN2nA==",
      "license": "MIT",
      "bin": {
        "marked": "bin/marked.js"
      },
      "engines": {
        "node": ">= 18"
      }
    }
  }
}
